
Microsoft Visual Studio Solution File, Format Version 12.00
# Visual Studio Version 17
VisualStudioVersion = 17.13.35825.156 d17.13
MinimumVisualStudioVersion = 10.0.40219.1
Project("{FAE04EC0-301F-11D3-BF4B-00C04F79EFBC}") = "AppCalcRevisão", "AppCalcRevisão.csproj", "{FCC48056-82D3-4076-A218-9D7CF4B29DF2}"
EndProject
Global
	GlobalSection(SolutionConfigurationPlatforms) = preSolution
		Debug|Any CPU = Debug|Any CPU
		Release|Any CPU = Release|Any CPU
	EndGlobalSection
	GlobalSection(ProjectConfigurationPlatforms) = postSolution
		{FCC48056-82D3-4076-A218-9D7CF4B29DF2}.Debug|Any CPU.ActiveCfg = Debug|Any CPU
		{FCC48056-82D3-4076-A218-9D7CF4B29DF2}.Debug|Any CPU.Build.0 = Debug|Any CPU
		{FCC48056-82D3-4076-A218-9D7CF4B29DF2}.Release|Any CPU.ActiveCfg = Release|Any CPU
		{FCC48056-82D3-4076-A218-9D7CF4B29DF2}.Release|Any CPU.Build.0 = Release|Any CPU
	EndGlobalSection
	GlobalSection(SolutionProperties) = preSolution
		HideSolutionNode = FALSE
	EndGlobalSection
	GlobalSection(ExtensibilityGlobals) = postSolution
		SolutionGuid = {D2158F28-7875-45A0-BC87-87B3C7F48605}
	EndGlobalSection
EndGlobal
